# This file was autogenerated by uv via the following command:
#    uv pip compile workers/evaluator/requirements.in --generate-hashes --python-version 3.12 --python-platform x86_64-manylinux_2_28 --output-file workers/evaluator/requirements.lock
boto3==1.40.21 \
    --hash=sha256:3772fb828864d3b7046c8bdf2f4860aaca4a79f25b7b060206c6a5f4944ea7f9 \
    --hash=sha256:876ccc0b25517b992bd27976282510773a11ebc771aa5b836a238ea426c82187
    # via -r workers/evaluator/requirements.in
botocore==1.40.76 \
    --hash=sha256:2b16024d68b29b973005adfb5039adfe9099ebe772d40a90ca89f2e165c495dc \
    --hash=sha256:fe425d386e48ac64c81cbb4a7181688d813df2e2b4c78b95ebe833c9e868c6f4
    # via
    #   boto3
    #   s3transfer
jmespath==1.1.0 \
    --hash=sha256:472c87d80f36026ae83c6ddd0f1d05d4e510134ed462851fd5f754c8c3cbb88d \
    --hash=sha256:a5663118de4908c91729bea0acadca56526eb2698e83de10cd116ae0f4e97c64
    # via
    #   boto3
    #   botocore
python-dateutil==2.9.0.post0 \
    --hash=sha256:37dd54208da7e1cd875388217d5e00ebd4179249f90fb72437e91a35459a0ad3 \
    --hash=sha256:a8b2bc7bffae282281c8140a97d3aa9c14da0b136dfe83f850eea9a5f7470427
    # via botocore
s3transfer==0.13.1 \
    --hash=sha256:a981aa7429be23fe6dfc13e80e4020057cbab622b08c0315288758d67cabc724 \
    --hash=sha256:c3fdba22ba1bd367922f27ec8032d6a1cf5f10c934fb5d68cf60fd5a23d936cf
    # via boto3
six==1.17.0 \
    --hash=sha256:4721f391ed90541fddacab5acf947aa0d3dc7d27b2e1e8eda2be8970586c3274 \
    --hash=sha256:ff70335d468e7eb6ec65b95b99d3a2836546063f63acc5171de367e834932a81
    # via python-dateutil
urllib3==2.7.0 \
    --hash=sha256:231e0ec3b63ceb14667c67be60f2f2c40a518cb38b03af60abc813da26505f4c \
    --hash=sha256:9fb4c81ebbb1ce9531cce37674bbc6f1360472bc18ca9a553ede278ef7276897
    # via botocore
